
Microsoft Visual Studio Solution File, Format Version 12.00
# Visual Studio Version 17
VisualStudioVersion = 17.8.34511.84
MinimumVisualStudioVersion = 10.0.40219.1
Project("{9A19103F-16F7-4668-BE54-9A1E7A4F7556}") = "Api_Web", "Api_Web.csproj", "{60BCD402-0871-4DA6-929E-AA07E580C259}"
EndProject
Global
	GlobalSection(SolutionConfigurationPlatforms) = preSolution
		Debug|Any CPU = Debug|Any CPU
		Release|Any CPU = Release|Any CPU
	EndGlobalSection
	GlobalSection(ProjectConfigurationPlatforms) = postSolution
		{60BCD402-0871-4DA6-929E-AA07E580C259}.Debug|Any CPU.ActiveCfg = Debug|Any CPU
		{60BCD402-0871-4DA6-929E-AA07E580C259}.Debug|Any CPU.Build.0 = Debug|Any CPU
		{60BCD402-0871-4DA6-929E-AA07E580C259}.Release|Any CPU.ActiveCfg = Release|Any CPU
		{60BCD402-0871-4DA6-929E-AA07E580C259}.Release|Any CPU.Build.0 = Release|Any CPU
	EndGlobalSection
	GlobalSection(SolutionProperties) = preSolution
		HideSolutionNode = FALSE
	EndGlobalSection
	GlobalSection(ExtensibilityGlobals) = postSolution
		SolutionGuid = {B11D8EBB-298D-411F-934E-9CBF347B720E}
	EndGlobalSection
EndGlobal
